
Microsoft Visual Studio Solution File, Format Version 12.00
# Visual Studio Version 17
VisualStudioVersion = 17.5.33530.505
MinimumVisualStudioVersion = 10.0.40219.1
Project("{8BC9CEB8-8B4A-11D0-8D11-00A0C91BC942}") = "AppRunner", "AppRunner\AppRunner.vcxproj", "{27CDBE3C-5403-4BA9-BE46-9C3DEEAEC6F5}"
EndProject
Global
	GlobalSection(SolutionConfigurationPlatforms) = preSolution
		Debug|x64 = Debug|x64
		Debug|x86 = Debug|x86
		Release|x64 = Release|x64
		Release|x86 = Release|x86
	EndGlobalSection
	GlobalSection(ProjectConfigurationPlatforms) = postSolution
		{27CDBE3C-5403-4BA9-BE46-9C3DEEAEC6F5}.Debug|x64.ActiveCfg = Debug|x64
		{27CDBE3C-5403-4BA9-BE46-9C3DEEAEC6F5}.Debug|x64.Build.0 = Debug|x64
		{27CDBE3C-5403-4BA9-BE46-9C3DEEAEC6F5}.Debug|x86.ActiveCfg = Debug|Win32
		{27CDBE3C-5403-4BA9-BE46-9C3DEEAEC6F5}.Debug|x86.Build.0 = Debug|Win32
		{27CDBE3C-5403-4BA9-BE46-9C3DEEAEC6F5}.Release|x64.ActiveCfg = Release|x64
		{27CDBE3C-5403-4BA9-BE46-9C3DEEAEC6F5}.Release|x64.Build.0 = Release|x64
		{27CDBE3C-5403-4BA9-BE46-9C3DEEAEC6F5}.Release|x86.ActiveCfg = Release|Win32
		{27CDBE3C-5403-4BA9-BE46-9C3DEEAEC6F5}.Release|x86.Build.0 = Release|Win32
	EndGlobalSection
	GlobalSection(SolutionProperties) = preSolution
		HideSolutionNode = FALSE
	EndGlobalSection
	GlobalSection(ExtensibilityGlobals) = postSolution
		SolutionGuid = {C69B3570-FC5A-4BB2-9E93-F8999B7525FE}
	EndGlobalSection
EndGlobal
